
Microsoft Visual Studio Solution File, Format Version 12.00
# Visual Studio Version 17
VisualStudioVersion = 17.7.34018.315
MinimumVisualStudioVersion = 10.0.40219.1
Project("{FAE04EC0-301F-11D3-BF4B-00C04F79EFBC}") = "API", "src\API\API.csproj", "{5FFDB68C-2E2A-486B-ACF4-87D92580E828}"
EndProject
Project("{2150E333-8FDC-42A3-9474-1A3956D46DE8}") = "src", "src", "{37BFF8C1-94CB-4F53-8C5F-B5A066A5318B}"
EndProject
Global
	GlobalSection(SolutionConfigurationPlatforms) = preSolution
		Debug|Any CPU = Debug|Any CPU
		Release|Any CPU = Release|Any CPU
	EndGlobalSection
	GlobalSection(ProjectConfigurationPlatforms) = postSolution
		{5FFDB68C-2E2A-486B-ACF4-87D92580E828}.Debug|Any CPU.ActiveCfg = Debug|Any CPU
		{5FFDB68C-2E2A-486B-ACF4-87D92580E828}.Debug|Any CPU.Build.0 = Debug|Any CPU
		{5FFDB68C-2E2A-486B-ACF4-87D92580E828}.Release|Any CPU.ActiveCfg = Release|Any CPU
		{5FFDB68C-2E2A-486B-ACF4-87D92580E828}.Release|Any CPU.Build.0 = Release|Any CPU
	EndGlobalSection
	GlobalSection(SolutionProperties) = preSolution
		HideSolutionNode = FALSE
	EndGlobalSection
	GlobalSection(NestedProjects) = preSolution
		{5FFDB68C-2E2A-486B-ACF4-87D92580E828} = {37BFF8C1-94CB-4F53-8C5F-B5A066A5318B}
	EndGlobalSection
	GlobalSection(ExtensibilityGlobals) = postSolution
		SolutionGuid = {1DC0B254-F81B-43FA-8717-AC172E23319B}
	EndGlobalSection
EndGlobal
